
Microsoft Visual Studio Solution File, Format Version 12.00
# Blend for Visual Studio Version 17
VisualStudioVersion = 17.0.31919.166
MinimumVisualStudioVersion = 10.0.40219.1
Project("{FAE04EC0-301F-11D3-BF4B-00C04F79EFBC}") = "WpfChrome", "WpfChrome\WpfChrome.csproj", "{100D8566-5A85-4417-906F-B2D6A35BF5D2}"
EndProject
Global
	GlobalSection(SolutionConfigurationPlatforms) = preSolution
		Debug|Any CPU = Debug|Any CPU
		Release|Any CPU = Release|Any CPU
	EndGlobalSection
	GlobalSection(ProjectConfigurationPlatforms) = postSolution
		{100D8566-5A85-4417-906F-B2D6A35BF5D2}.Debug|Any CPU.ActiveCfg = Debug|Any CPU
		{100D8566-5A85-4417-906F-B2D6A35BF5D2}.Debug|Any CPU.Build.0 = Debug|Any CPU
		{100D8566-5A85-4417-906F-B2D6A35BF5D2}.Release|Any CPU.ActiveCfg = Release|Any CPU
		{100D8566-5A85-4417-906F-B2D6A35BF5D2}.Release|Any CPU.Build.0 = Release|Any CPU
	EndGlobalSection
	GlobalSection(SolutionProperties) = preSolution
		HideSolutionNode = FALSE
	EndGlobalSection
	GlobalSection(ExtensibilityGlobals) = postSolution
		SolutionGuid = {4A09D40D-A38B-422A-A4E4-65D0CA77D622}
	EndGlobalSection
EndGlobal
